// !$*UTF8*$!
{
	archiveVersion = 1;
	classes = {
	};
	objectVersion = 77;
	objects = {

/* Begin PBXContainerItemProxy section */
		02FE6F1D2C9B95910094B7FA /* PBXContainerItemProxy */ = {
			isa = PBXContainerItemProxy;
			containerPortal = 02FE6F042C9B958F0094B7FA /* Project object */;
			proxyType = 1;
			remoteGlobalIDString = 02FE6F0B2C9B958F0094B7FA;
			remoteInfo = "Little Lemon Capstone";
		};
		02FE6F272C9B95910094B7FA /* PBXContainerItemProxy */ = {
			isa = PBXContainerItemProxy;
			containerPortal = 02FE6F042C9B958F0094B7FA /* Project object */;
			proxyType = 1;
			remoteGlobalIDString = 02FE6F0B2C9B958F0094B7FA;
			remoteInfo = "Little Lemon Capstone";
		};
/* End PBXContainerItemProxy section */

/* Begin PBXFileReference section */
		02FE6F0C2C9B958F0094B7FA /* Little Lemon Capstone.app */ = {isa = PBXFileReference; explicitFileType = wrapper.application; includeInIndex = 0; path = "Little Lemon Capstone.app"; sourceTree = BUILT_PRODUCTS_DIR; };
		02FE6F1C2C9B95910094B7FA /* Little Lemon CapstoneTests.xctest */ = {isa = PBXFileReference; explicitFileType = wrapper.cfbundle; includeInIndex = 0; path = "Little Lemon CapstoneTests.xctest"; sourceTree = BUILT_PRODUCTS_DIR; };
		02FE6F262C9B95910094B7FA /* Little Lemon CapstoneUITests.xctest */ = {isa = PBXFileReference; explicitFileType = wrapper.cfbundle; includeInIndex = 0; path = "Little Lemon CapstoneUITests.xctest"; sourceTree = BUILT_PRODUCTS_DIR; };
/* End PBXFileReference section */

/* Begin PBXFileSystemSynchronizedRootGroup section */
		02FE6F0E2C9B958F0094B7FA /* Little Lemon Capstone */ = {
			isa = PBXFileSystemSynchronizedRootGroup;
			path = "Little Lemon Capstone";
			sourceTree = "<group>";
		};
		02FE6F1F2C9B95910094B7FA /* Little Lemon CapstoneTests */ = {
			isa = PBXFileSystemSynchronizedRootGroup;
			path = "Little Lemon CapstoneTests";
			sourceTree = "<group>";
		};
		02FE6F292C9B95910094B7FA /* Little Lemon CapstoneUITests */ = {
			isa = PBXFileSystemSynchronizedRootGroup;
			path = "Little Lemon CapstoneUITests";
			sourceTree = "<group>";
		};
/* End PBXFileSystemSynchronizedRootGroup section */

/* Begin PBXFrameworksBuildPhase section */
		02FE6F092C9B958F0094B7FA /* Frameworks */ = {
			isa = PBXFrameworksBuildPhase;
			buildActionMask = 2147483647;
			files = (
			);
			runOnlyForDeploymentPostprocessing = 0;
		};
		02FE6F192C9B95910094B7FA /* Frameworks */ = {
			isa = PBXFrameworksBuildPhase;
			buildActionMask = 2147483647;
			files = (
			);
			runOnlyForDeploymentPostprocessing = 0;
		};
		02FE6F232C9B95910094B7FA /* Frameworks */ = {
			isa = PBXFrameworksBuildPhase;
			buildActionMask = 2147483647;
			files = (
			);
			runOnlyForDeploymentPostprocessing = 0;
		};
/* End PBXFrameworksBuildPhase section */

/* Begin PBXGroup section */
		02FE6F032C9B958F0094B7FA = {
			isa = PBXGroup;
			children = (
				02FE6F0E2C9B958F0094B7FA /* Little Lemon Capstone */,
				02FE6F1F2C9B95910094B7FA /* Little Lemon CapstoneTests */,
				02FE6F292C9B95910094B7FA /* Little Lemon CapstoneUITests */,
				02FE6F0D2C9B958F0094B7FA /* Products */,
			);
			sourceTree = "<group>";
		};
		02FE6F0D2C9B958F0094B7FA /* Products */ = {
			isa = PBXGroup;
			children = (
				02FE6F0C2C9B958F0094B7FA /* Little Lemon Capstone.app */,
				02FE6F1C2C9B95910094B7FA /* Little Lemon CapstoneTests.xctest */,
				02FE6F262C9B95910094B7FA /* Little Lemon CapstoneUITests.xctest */,
			);
			name = Products;
			sourceTree = "<group>";
		};
/* End PBXGroup section */

/* Begin PBXNativeTarget section */
		02FE6F0B2C9B958F0094B7FA /* Little Lemon Capstone */ = {
			isa = PBXNativeTarget;
			buildConfigurationList = 02FE6F302C9B95910094B7FA /* Build configuration list for PBXNativeTarget "Little Lemon Capstone" */;
			buildPhases = (
				02FE6F082C9B958F0094B7FA /* Sources */,
				02FE6F092C9B958F0094B7FA /* Frameworks */,
				02FE6F0A2C9B958F0094B7FA /* Resources */,
			);
			buildRules = (
			);
			dependencies = (
			);
			fileSystemSynchronizedGroups = (
				02FE6F0E2C9B958F0094B7FA /* Little Lemon Capstone */,
			);
			name = "Little Lemon Capstone";
			packageProductDependencies = (
			);
			productName = "Little Lemon Capstone";
			productReference = 02FE6F0C2C9B958F0094B7FA /* Little Lemon Capstone.app */;
			productType = "com.apple.product-type.application";
		};
		02FE6F1B2C9B95910094B7FA /* Little Lemon CapstoneTests */ = {
			isa = PBXNativeTarget;
			buildConfigurationList = 02FE6F332C9B95910094B7FA /* Build configuration list for PBXNativeTarget "Little Lemon CapstoneTests" */;
			buildPhases = (
				02FE6F182C9B95910094B7FA /* Sources */,
				02FE6F192C9B95910094B7FA /* Frameworks */,
				02FE6F1A2C9B95910094B7FA /* Resources */,
			);
			buildRules = (
			);
			dependencies = (
				02FE6F1E2C9B95910094B7FA /* PBXTargetDependency */,
			);
			fileSystemSynchronizedGroups = (
				02FE6F1F2C9B95910094B7FA /* Little Lemon CapstoneTests */,
			);
			name = "Little Lemon CapstoneTests";
			packageProductDependencies = (
			);
			productName = "Little Lemon CapstoneTests";
			productReference = 02FE6F1C2C9B95910094B7FA /* Little Lemon CapstoneTests.xctest */;
			productType = "com.apple.product-type.bundle.unit-test";
		};
		02FE6F252C9B95910094B7FA /* Little Lemon CapstoneUITests */ = {
			isa = PBXNativeTarget;
			buildConfigurationList = 02FE6F362C9B95910094B7FA /* Build configuration list for PBXNativeTarget "Little Lemon CapstoneUITests" */;
			buildPhases = (
				02FE6F222C9B95910094B7FA /* Sources */,
				02FE6F232C9B95910094B7FA /* Frameworks */,
				02FE6F242C9B95910094B7FA /* Resources */,
			);
			buildRules = (
			);
			dependencies = (
				02FE6F282C9B95910094B7FA /* PBXTargetDependency */,
			);
			fileSystemSynchronizedGroups = (
				02FE6F292C9B95910094B7FA /* Little Lemon CapstoneUITests */,
			);
			name = "Little Lemon CapstoneUITests";
			packageProductDependencies = (
			);
			productName = "Little Lemon CapstoneUITests";
			productReference = 02FE6F262C9B95910094B7FA /* Little Lemon CapstoneUITests.xctest */;
			productType = "com.apple.product-type.bundle.ui-testing";
		};
/* End PBXNativeTarget section */

/* Begin PBXProject section */
		02FE6F042C9B958F0094B7FA /* Project object */ = {
			isa = PBXProject;
			attributes = {
				BuildIndependentTargetsInParallel = 1;
				LastSwiftUpdateCheck = 1600;
				LastUpgradeCheck = 1600;
				TargetAttributes = {
					02FE6F0B2C9B958F0094B7FA = {
						CreatedOnToolsVersion = 16.0;
					};
					02FE6F1B2C9B95910094B7FA = {
						CreatedOnToolsVersion = 16.0;
						TestTargetID = 02FE6F0B2C9B958F0094B7FA;
					};
					02FE6F252C9B95910094B7FA = {
						CreatedOnToolsVersion = 16.0;
						TestTargetID = 02FE6F0B2C9B958F0094B7FA;
					};
				};
			};
			buildConfigurationList = 02FE6F072C9B958F0094B7FA /* Build configuration list for PBXProject "Little Lemon Capstone" */;
			developmentRegion = en;
			hasScannedForEncodings = 0;
			knownRegions = (
				en,
				Base,
			);
			mainGroup = 02FE6F032C9B958F0094B7FA;
			minimizedProjectReferenceProxies = 1;
			preferredProjectObjectVersion = 77;
			productRefGroup = 02FE6F0D2C9B958F0094B7FA /* Products */;
			projectDirPath = "";
			projectRoot = "";
			targets = (
				02FE6F0B2C9B958F0094B7FA /* Little Lemon Capstone */,
				02FE6F1B2C9B95910094B7FA /* Little Lemon CapstoneTests */,
				02FE6F252C9B95910094B7FA /* Little Lemon CapstoneUITests */,
			);
		};
/* End PBXProject section */

/* Begin PBXResourcesBuildPhase section */
		02FE6F0A2C9B958F0094B7FA /* Resources */ = {
			isa = PBXResourcesBuildPhase;
			buildActionMask = 2147483647;
			files = (
			);
			runOnlyForDeploymentPostprocessing = 0;
		};
		02FE6F1A2C9B95910094B7FA /* Resources */ = {
			isa = PBXResourcesBuildPhase;
			buildActionMask = 2147483647;
			files = (
			);
			runOnlyForDeploymentPostprocessing = 0;
		};
		02FE6F242C9B95910094B7FA /* Resources */ = {
			isa = PBXResourcesBuildPhase;
			buildActionMask = 2147483647;
			files = (
			);
			runOnlyForDeploymentPostprocessing = 0;
		};
/* End PBXResourcesBuildPhase section */

/* Begin PBXSourcesBuildPhase section */
		02FE6F082C9B958F0094B7FA /* Sources */ = {
			isa = PBXSourcesBuildPhase;
			buildActionMask = 2147483647;
			files = (
			);
			runOnlyForDeploymentPostprocessing = 0;
		};
		02FE6F182C9B95910094B7FA /* Sources */ = {
			isa = PBXSourcesBuildPhase;
			buildActionMask = 2147483647;
			files = (
			);
			runOnlyForDeploymentPostprocessing = 0;
		};
		02FE6F222C9B95910094B7FA /* Sources */ = {
			isa = PBXSourcesBuildPhase;
			buildActionMask = 2147483647;
			files = (
			);
			runOnlyForDeploymentPostprocessing = 0;
		};
/* End PBXSourcesBuildPhase section */

/* Begin PBXTargetDependency section */
		02FE6F1E2C9B95910094B7FA /* PBXTargetDependency */ = {
			isa = PBXTargetDependency;
			target = 02FE6F0B2C9B958F0094B7FA /* Little Lemon Capstone */;
			targetProxy = 02FE6F1D2C9B95910094B7FA /* PBXContainerItemProxy */;
		};
		02FE6F282C9B95910094B7FA /* PBXTargetDependency */ = {
			isa = PBXTargetDependency;
			target = 02FE6F0B2C9B958F0094B7FA /* Little Lemon Capstone */;
			targetProxy = 02FE6F272C9B95910094B7FA /* PBXContainerItemProxy */;
		};
/* End PBXTargetDependency section */

/* Begin XCBuildConfiguration section */
		02FE6F2E2C9B95910094B7FA /* Debug */ = {
			isa = XCBuildConfiguration;
			buildSettings = {
				ALWAYS_SEARCH_USER_PATHS = NO;
				ASSETCATALOG_COMPILER_GENERATE_SWIFT_ASSET_SYMBOL_EXTENSIONS = YES;
				CLANG_ANALYZER_NONNULL = YES;
				CLANG_ANALYZER_NUMBER_OBJECT_CONVERSION = YES_AGGRESSIVE;
				CLANG_CXX_LANGUAGE_STANDARD = "gnu++20";
				CLANG_ENABLE_MODULES = YES;
				CLANG_ENABLE_OBJC_ARC = YES;
				CLANG_ENABLE_OBJC_WEAK = YES;
				CLANG_WARN_BLOCK_CAPTURE_AUTORELEASING = YES;
				CLANG_WARN_BOOL_CONVERSION = YES;
				CLANG_WARN_COMMA = YES;
				CLANG_WARN_CONSTANT_CONVERSION = YES;
				CLANG_WARN_DEPRECATED_OBJC_IMPLEMENTATIONS = YES;
				CLANG_WARN_DIRECT_OBJC_ISA_USAGE = YES_ERROR;
				CLANG_WARN_DOCUMENTATION_COMMENTS = YES;
				CLANG_WARN_EMPTY_BODY = YES;
				CLANG_WARN_ENUM_CONVERSION = YES;
				CLANG_WARN_INFINITE_RECURSION = YES;
				CLANG_WARN_INT_CONVERSION = YES;
				CLANG_WARN_NON_LITERAL_NULL_CONVERSION = YES;
				CLANG_WARN_OBJC_IMPLICIT_RETAIN_SELF = YES;
				CLANG_WARN_OBJC_LITERAL_CONVERSION = YES;
				CLANG_WARN_OBJC_ROOT_CLASS = YES_ERROR;
				CLANG_WARN_QUOTED_INCLUDE_IN_FRAMEWORK_HEADER = YES;
				CLANG_WARN_RANGE_LOOP_ANALYSIS = YES;
				CLANG_WARN_STRICT_PROTOTYPES = YES;
				CLANG_WARN_SUSPICIOUS_MOVE = YES;
				CLANG_WARN_UNGUARDED_AVAILABILITY = YES_AGGRESSIVE;
				CLANG_WARN_UNREACHABLE_CODE = YES;
				CLANG_WARN__DUPLICATE_METHOD_MATCH = YES;
				COPY_PHASE_STRIP = NO;
				DEBUG_INFORMATION_FORMAT = dwarf;
				ENABLE_STRICT_OBJC_MSGSEND = YES;
				ENABLE_TESTABILITY = YES;
				ENABLE_USER_SCRIPT_SANDBOXING = YES;
				GCC_C_LANGUAGE_STANDARD = gnu17;
				GCC_DYNAMIC_NO_PIC = NO;
				GCC_NO_COMMON_BLOCKS = YES;
				GCC_OPTIMIZATION_LEVEL = 0;
				GCC_PREPROCESSOR_DEFINITIONS = (
					"DEBUG=1",
					"$(inherited)",
				);
				GCC_WARN_64_TO_32_BIT_CONVERSION = YES;
				GCC_WARN_ABOUT_RETURN_TYPE = YES_ERROR;
				GCC_WARN_UNDECLARED_SELECTOR = YES;
				GCC_WARN_UNINITIALIZED_AUTOS = YES_AGGRESSIVE;
				GCC_WARN_UNUSED_FUNCTION = YES;
				GCC_WARN_UNUSED_VARIABLE = YES;
				IPHONEOS_DEPLOYMENT_TARGET = 18.0;
				LOCALIZATION_PREFERS_STRING_CATALOGS = YES;
				MTL_ENABLE_DEBUG_INFO = INCLUDE_SOURCE;
				MTL_FAST_MATH = YES;
				ONLY_ACTIVE_ARCH = YES;
				SDKROOT = iphoneos;
				SWIFT_ACTIVE_COMPILATION_CONDITIONS = "DEBUG $(inherited)";
				SWIFT_OPTIMIZATION_LEVEL = "-Onone";
			};
			name = Debug;
		};
		02FE6F2F2C9B95910094B7FA /* Release */ = {
			isa = XCBuildConfiguration;
			buildSettings = {
				ALWAYS_SEARCH_USER_PATHS = NO;
				ASSETCATALOG_COMPILER_GENERATE_SWIFT_ASSET_SYMBOL_EXTENSIONS = YES;
				CLANG_ANALYZER_NONNULL = YES;
				CLANG_ANALYZER_NUMBER_OBJECT_CONVERSION = YES_AGGRESSIVE;
				CLANG_CXX_LANGUAGE_STANDARD = "gnu++20";
				CLANG_ENABLE_MODULES = YES;
				CLANG_ENABLE_OBJC_ARC = YES;
				CLANG_ENABLE_OBJC_WEAK = YES;
				CLANG_WARN_BLOCK_CAPTURE_AUTORELEASING = YES;
				CLANG_WARN_BOOL_CONVERSION = YES;
				CLANG_WARN_COMMA = YES;
				CLANG_WARN_CONSTANT_CONVERSION = YES;
				CLANG_WARN_DEPRECATED_OBJC_IMPLEMENTATIONS = YES;
				CLANG_WARN_DIRECT_OBJC_ISA_USAGE = YES_ERROR;
				CLANG_WARN_DOCUMENTATION_COMMENTS = YES;
				CLANG_WARN_EMPTY_BODY = YES;
				CLANG_WARN_ENUM_CONVERSION = YES;
				CLANG_WARN_INFINITE_RECURSION = YES;
				CLANG_WARN_INT_CONVERSION = YES;
				CLANG_WARN_NON_LITERAL_NULL_CONVERSION = YES;
				CLANG_WARN_OBJC_IMPLICIT_RETAIN_SELF = YES;
				CLANG_WARN_OBJC_LITERAL_CONVERSION = YES;
				CLANG_WARN_OBJC_ROOT_CLASS = YES_ERROR;
				CLANG_WARN_QUOTED_INCLUDE_IN_FRAMEWORK_HEADER = YES;
				CLANG_WARN_RANGE_LOOP_ANALYSIS = YES;
				CLANG_WARN_STRICT_PROTOTYPES = YES;
				CLANG_WARN_SUSPICIOUS_MOVE = YES;
				CLANG_WARN_UNGUARDED_AVAILABILITY = YES_AGGRESSIVE;
				CLANG_WARN_UNREACHABLE_CODE = YES;
				CLANG_WARN__DUPLICATE_METHOD_MATCH = YES;
				COPY_PHASE_STRIP = NO;
				DEBUG_INFORMATION_FORMAT = "dwarf-with-dsym";
				ENABLE_NS_ASSERTIONS = NO;
				ENABLE_STRICT_OBJC_MSGSEND = YES;
				ENABLE_USER_SCRIPT_SANDBOXING = YES;
				GCC_C_LANGUAGE_STANDARD = gnu17;
				GCC_NO_COMMON_BLOCKS = YES;
				GCC_WARN_64_TO_32_BIT_CONVERSION = YES;
				GCC_WARN_ABOUT_RETURN_TYPE = YES_ERROR;
				GCC_WARN_UNDECLARED_SELECTOR = YES;
				GCC_WARN_UNINITIALIZED_AUTOS = YES_AGGRESSIVE;
				GCC_WARN_UNUSED_FUNCTION = YES;
				GCC_WARN_UNUSED_VARIABLE = YES;
				IPHONEOS_DEPLOYMENT_TARGET = 18.0;
				LOCALIZATION_PREFERS_STRING_CATALOGS = YES;
				MTL_ENABLE_DEBUG_INFO = NO;
				MTL_FAST_MATH = YES;
				SDKROOT = iphoneos;
				SWIFT_COMPILATION_MODE = wholemodule;
				VALIDATE_PRODUCT = YES;
			};
			name = Release;
		};
		02FE6F312C9B95910094B7FA /* Debug */ = {
			isa = XCBuildConfiguration;
			buildSettings = {
				ASSETCATALOG_COMPILER_APPICON_NAME = AppIcon;
				ASSETCATALOG_COMPILER_GLOBAL_ACCENT_COLOR_NAME = AccentColor;
				CODE_SIGN_STYLE = Automatic;
				CURRENT_PROJECT_VERSION = 1;
				DEVELOPMENT_ASSET_PATHS = "\"Little Lemon Capstone/Preview Content\"";
				DEVELOPMENT_TEAM = JK5AA6MFMM;
				ENABLE_PREVIEWS = YES;
				GENERATE_INFOPLIST_FILE = YES;
				INFOPLIST_KEY_UIApplicationSceneManifest_Generation = YES;
				INFOPLIST_KEY_UIApplicationSupportsIndirectInputEvents = YES;
				INFOPLIST_KEY_UILaunchScreen_Generation = YES;
				INFOPLIST_KEY_UISupportedInterfaceOrientations_iPad = "UIInterfaceOrientationPortrait UIInterfaceOrientationPortraitUpsideDown UIInterfaceOrientationLandscapeLeft UIInterfaceOrientationLandscapeRight";
				INFOPLIST_KEY_UISupportedInterfaceOrientations_iPhone = "UIInterfaceOrientationPortrait UIInterfaceOrientationLandscapeLeft UIInterfaceOrientationLandscapeRight";
				LD_RUNPATH_SEARCH_PATHS = (
					"$(inherited)",
					"@executable_path/Frameworks",
				);
				MARKETING_VERSION = 1.0;
				PRODUCT_BUNDLE_IDENTIFIER = "com.littlelemon.Little-Lemon-Capstone";
				PRODUCT_NAME = "$(TARGET_NAME)";
				SWIFT_EMIT_LOC_STRINGS = YES;
				SWIFT_VERSION = 5.0;
				TARGETED_DEVICE_FAMILY = "1,2";
			};
			name = Debug;
		};
		02FE6F322C9B95910094B7FA /* Release */ = {
			isa = XCBuildConfiguration;
			buildSettings = {
				ASSETCATALOG_COMPILER_APPICON_NAME = AppIcon;
				ASSETCATALOG_COMPILER_GLOBAL_ACCENT_COLOR_NAME = AccentColor;
				CODE_SIGN_STYLE = Automatic;
				CURRENT_PROJECT_VERSION = 1;
				DEVELOPMENT_ASSET_PATHS = "\"Little Lemon Capstone/Preview Content\"";
				DEVELOPMENT_TEAM = JK5AA6MFMM;
				ENABLE_PREVIEWS = YES;
				GENERATE_INFOPLIST_FILE = YES;
				INFOPLIST_KEY_UIApplicationSceneManifest_Generation = YES;
				INFOPLIST_KEY_UIApplicationSupportsIndirectInputEvents = YES;
				INFOPLIST_KEY_UILaunchScreen_Generation = YES;
				INFOPLIST_KEY_UISupportedInterfaceOrientations_iPad = "UIInterfaceOrientationPortrait UIInterfaceOrientationPortraitUpsideDown UIInterfaceOrientationLandscapeLeft UIInterfaceOrientationLandscapeRight";
				INFOPLIST_KEY_UISupportedInterfaceOrientations_iPhone = "UIInterfaceOrientationPortrait UIInterfaceOrientationLandscapeLeft UIInterfaceOrientationLandscapeRight";
				LD_RUNPATH_SEARCH_PATHS = (
					"$(inherited)",
					"@executable_path/Frameworks",
				);
				MARKETING_VERSION = 1.0;
				PRODUCT_BUNDLE_IDENTIFIER = "com.littlelemon.Little-Lemon-Capstone";
				PRODUCT_NAME = "$(TARGET_NAME)";
				SWIFT_EMIT_LOC_STRINGS = YES;
				SWIFT_VERSION = 5.0;
				TARGETED_DEVICE_FAMILY = "1,2";
			};
			name = Release;
		};
		02FE6F342C9B95910094B7FA /* Debug */ = {
			isa = XCBuildConfiguration;
			buildSettings = {
				BUNDLE_LOADER = "$(TEST_HOST)";
				CODE_SIGN_STYLE = Automatic;
				CURRENT_PROJECT_VERSION = 1;
				DEVELOPMENT_TEAM = JK5AA6MFMM;
				GENERATE_INFOPLIST_FILE = YES;
				IPHONEOS_DEPLOYMENT_TARGET = 18.0;
				MARKETING_VERSION = 1.0;
				PRODUCT_BUNDLE_IDENTIFIER = "com.littlelemon.Little-Lemon-CapstoneTests";
				PRODUCT_NAME = "$(TARGET_NAME)";
				SWIFT_EMIT_LOC_STRINGS = NO;
				SWIFT_VERSION = 5.0;
				TARGETED_DEVICE_FAMILY = "1,2";
				TEST_HOST = "$(BUILT_PRODUCTS_DIR)/Little Lemon Capstone.app/$(BUNDLE_EXECUTABLE_FOLDER_PATH)/Little Lemon Capstone";
			};
			name = Debug;
		};
		02FE6F352C9B95910094B7FA /* Release */ = {
			isa = XCBuildConfiguration;
			buildSettings = {
				BUNDLE_LOADER = "$(TEST_HOST)";
				CODE_SIGN_STYLE = Automatic;
				CURRENT_PROJECT_VERSION = 1;
				DEVELOPMENT_TEAM = JK5AA6MFMM;
				GENERATE_INFOPLIST_FILE = YES;
				IPHONEOS_DEPLOYMENT_TARGET = 18.0;
				MARKETING_VERSION = 1.0;
				PRODUCT_BUNDLE_IDENTIFIER = "com.littlelemon.Little-Lemon-CapstoneTests";
				PRODUCT_NAME = "$(TARGET_NAME)";
				SWIFT_EMIT_LOC_STRINGS = NO;
				SWIFT_VERSION = 5.0;
				TARGETED_DEVICE_FAMILY = "1,2";
				TEST_HOST = "$(BUILT_PRODUCTS_DIR)/Little Lemon Capstone.app/$(BUNDLE_EXECUTABLE_FOLDER_PATH)/Little Lemon Capstone";
			};
			name = Release;
		};
		02FE6F372C9B95910094B7FA /* Debug */ = {
			isa = XCBuildConfiguration;
			buildSettings = {
				CODE_SIGN_STYLE = Automatic;
				CURRENT_PROJECT_VERSION = 1;
				DEVELOPMENT_TEAM = JK5AA6MFMM;
				GENERATE_INFOPLIST_FILE = YES;
				MARKETING_VERSION = 1.0;
				PRODUCT_BUNDLE_IDENTIFIER = "com.littlelemon.Little-Lemon-CapstoneUITests";
				PRODUCT_NAME = "$(TARGET_NAME)";
				SWIFT_EMIT_LOC_STRINGS = NO;
				SWIFT_VERSION = 5.0;
				TARGETED_DEVICE_FAMILY = "1,2";
				TEST_TARGET_NAME = "Little Lemon Capstone";
			};
			name = Debug;
		};
		02FE6F382C9B95910094B7FA /* Release */ = {
			isa = XCBuildConfiguration;
			buildSettings = {
				CODE_SIGN_STYLE = Automatic;
				CURRENT_PROJECT_VERSION = 1;
				DEVELOPMENT_TEAM = JK5AA6MFMM;
				GENERATE_INFOPLIST_FILE = YES;
				MARKETING_VERSION = 1.0;
				PRODUCT_BUNDLE_IDENTIFIER = "com.littlelemon.Little-Lemon-CapstoneUITests";
				PRODUCT_NAME = "$(TARGET_NAME)";
				SWIFT_EMIT_LOC_STRINGS = NO;
				SWIFT_VERSION = 5.0;
				TARGETED_DEVICE_FAMILY = "1,2";
				TEST_TARGET_NAME = "Little Lemon Capstone";
			};
			name = Release;
		};
/* End XCBuildConfiguration section */

/* Begin XCConfigurationList section */
		02FE6F072C9B958F0094B7FA /* Build configuration list for PBXProject "Little Lemon Capstone" */ = {
			isa = XCConfigurationList;
			buildConfigurations = (
				02FE6F2E2C9B95910094B7FA /* Debug */,
				02FE6F2F2C9B95910094B7FA /* Release */,
			);
			defaultConfigurationIsVisible = 0;
			defaultConfigurationName = Release;
		};
		02FE6F302C9B95910094B7FA /* Build configuration list for PBXNativeTarget "Little Lemon Capstone" */ = {
			isa = XCConfigurationList;
			buildConfigurations = (
				02FE6F312C9B95910094B7FA /* Debug */,
				02FE6F322C9B95910094B7FA /* Release */,
			);
			defaultConfigurationIsVisible = 0;
			defaultConfigurationName = Release;
		};
		02FE6F332C9B95910094B7FA /* Build configuration list for PBXNativeTarget "Little Lemon CapstoneTests" */ = {
			isa = XCConfigurationList;
			buildConfigurations = (
				02FE6F342C9B95910094B7FA /* Debug */,
				02FE6F352C9B95910094B7FA /* Release */,
			);
			defaultConfigurationIsVisible = 0;
			defaultConfigurationName = Release;
		};
		02FE6F362C9B95910094B7FA /* Build configuration list for PBXNativeTarget "Little Lemon CapstoneUITests" */ = {
			isa = XCConfigurationList;
			buildConfigurations = (
				02FE6F372C9B95910094B7FA /* Debug */,
				02FE6F382C9B95910094B7FA /* Release */,
			);
			defaultConfigurationIsVisible = 0;
			defaultConfigurationName = Release;
		};
/* End XCConfigurationList section */
	};
	rootObject = 02FE6F042C9B958F0094B7FA /* Project object */;
}
